# This file is automatically @generated by Poetry 2.0.1 and should not be changed by hand.

[[package]]
name = "annotated-types"
version = "0.7.0"
description = "Reusable constraint types to use with typing.Annotated"
optional = false
python-versions = ">=3.8"
groups = ["main"]
files = [
    {file = "annotated_types-0.7.0-py3-none-any.whl", hash = "sha256:1f02e8b43a8fbbc3f3e0d4f0f4bfc8131bcb4eebe8849b8e5c773f3a1c582a53"},
    {file = "annotated_types-0.7.0.tar.gz", hash = "sha256:aff07c09a53a08bc8cfccb9c85b05f1aa9a2a6f23728d790723543408344ce89"},
]

[[package]]
name = "asgiref"
version = "3.11.1"
description = "ASGI specs, helper code, and adapters"
optional = false
python-versions = ">=3.9"
groups = ["main"]
files = [
    {file = "asgiref-3.11.1-py3-none-any.whl", hash = "sha256:e8667a091e69529631969fd45dc268fa79b99c92c5fcdda727757e52146ec133"},
    {file = "asgiref-3.11.1.tar.gz", hash = "sha256:5f184dc43b7e763efe848065441eac62229c9f7b0475f41f80e207a114eda4ce"},
]

[package.extras]
tests = ["mypy (>=1.14.0)", "pytest", "pytest-asyncio"]

[[package]]
name = "django"
version = "6.0.3"
description = "A high-level Python web framework that encourages rapid development and clean, pragmatic design."
optional = false
python-versions = ">=3.12"
groups = ["main"]
files = [
    {file = "django-6.0.3-py3-none-any.whl", hash = "sha256:2e5974441491ddb34c3f13d5e7a9f97b07ba03bf70234c0a9c68b79bbb235bc3"},
    {file = "django-6.0.3.tar.gz", hash = "sha256:90be765ee756af8a6cbd6693e56452404b5ad15294f4d5e40c0a55a0f4870fe1"},
]

[package.dependencies]
asgiref = ">=3.9.1"
sqlparse = ">=0.5.0"
tzdata = {version = "*", markers = "sys_platform == \"win32\""}

[package.extras]
argon2 = ["argon2-cffi (>=23.1.0)"]
bcrypt = ["bcrypt (>=4.1.1)"]

[[package]]
name = "django-ninja"
version = "1.6.2"
description = "Django Ninja - Fast Django REST framework"
optional = false
python-versions = ">=3.7"
groups = ["main"]
files = [
    {file = "django_ninja-1.6.2-py3-none-any.whl", hash = "sha256:20095f5900bada22ea00cf1a58af50bdb285b2354c61a9d9b47d0dc89ac462d6"},
    {file = "django_ninja-1.6.2.tar.gz", hash = "sha256:d56ae5aa4791068ef4ac9a66cfdf2fc11f507413ded35abb79c51d0d52ad6412"},
]

[package.dependencies]
Django = ">=3.1,<6.1"
pydantic = ">=2.0,<3.0.0"

[package.extras]
dev = ["pre-commit"]
doc = ["markdown-include", "mkdocs", "mkdocs-material", "mkdocstrings"]
test = ["django-stubs", "mypy (==1.7.1)", "psycopg2-binary", "pytest", "pytest-asyncio", "pytest-cov", "pytest-django", "ruff (==0.5.7)"]

[[package]]
name = "django-stubs"
version = "6.0.1"
description = "Mypy stubs for Django"
optional = false
python-versions = ">=3.10"
groups = ["main"]
files = [
    {file = "django_stubs-6.0.1-py3-none-any.whl", hash = "sha256:d885044bd0876610f3eb969d6b5ed22f386002a879fdcb369cd8efa0502dbbce"},
    {file = "django_stubs-6.0.1.tar.gz", hash = "sha256:e1ca63634221b57a55e16562b9b6d1849aeee2cabfd0fc026084dbe8aa893366"},
]

[package.dependencies]
django = "*"
django-stubs-ext = ">=6.0.1"
types-pyyaml = "*"
typing-extensions = ">=4.11.0"

[package.extras]
compatible-mypy = ["mypy (>=1.13,<1.20)"]
oracle = ["oracledb"]
redis = ["redis", "types-redis"]

[[package]]
name = "django-stubs-ext"
version = "6.0.1"
description = "Monkey-patching and extensions for django-stubs"
optional = false
python-versions = ">=3.10"
groups = ["main"]
files = [
    {file = "django_stubs_ext-6.0.1-py3-none-any.whl", hash = "sha256:17415759b9a3f4b4da7998ac3b08c7dc5137f9a019490b918aece1a8a4c2ade4"},
    {file = "django_stubs_ext-6.0.1.tar.gz", hash = "sha256:633b280f89c0cbb7e3ce2f2f842e0acc43d8091378e75f84921d6be675d052dc"},
]

[package.dependencies]
django = "*"
typing-extensions = "*"

[[package]]
name = "orjson"
version = "3.11.7"
description = "Fast, correct Python JSON library supporting dataclasses, datetimes, and numpy"
optional = false
python-versions = ">=3.10"
groups = ["main"]
files = [
    {file = "orjson-3.11.7-cp310-cp310-macosx_10_15_x86_64.macosx_11_0_arm64.macosx_10_15_universal2.whl", hash = "sha256:a02c833f38f36546ba65a452127633afce4cf0dd7296b753d3bb54e55e5c0174"},
    {file = "orjson-3.11.7-cp310-cp310-manylinux_2_17_aarch64.manylinux2014_aarch64.whl", hash = "sha256:b63c6e6738d7c3470ad01601e23376aa511e50e1f3931395b9f9c722406d1a67"},
    {file = "orjson-3.11.7-cp310-cp310-manylinux_2_17_armv7l.manylinux2014_armv7l.whl", hash = "sha256:043d3006b7d32c7e233b8cfb1f01c651013ea079e08dcef7189a29abd8befe11"},
    {file = "orjson-3.11.7-cp310-cp310-manylinux_2_17_i686.manylinux2014_i686.whl", hash = "sha256:57036b27ac8a25d81112eb0cc9835cd4833c5b16e1467816adc0015f59e870dc"},
    {file = "orjson-3.11.7-cp310-cp310-manylinux_2_17_ppc64le.manylinux2014_ppc64le.whl", hash = "sha256:733ae23ada68b804b222c44affed76b39e30806d38660bf1eb200520d259cc16"},
    {file = "orjson-3.11.7-cp310-cp310-manylinux_2_17_s390x.manylinux2014_s390x.whl", hash = "sha256:5fdfad2093bdd08245f2e204d977facd5f871c88c4a71230d5bcbd0e43bf6222"},
    {file = "orjson-3.11.7-cp310-cp310-manylinux_2_17_x86_64.manylinux2014_x86_64.whl", hash = "sha256:cededd6738e1c153530793998e31c05086582b08315db48ab66649768f326baa"},
    {file = "orjson-3.11.7-cp310-cp310-musllinux_1_2_aarch64.whl", hash = "sha256:14f440c7268c8f8633d1b3d443a434bd70cb15686117ea6beff8fdc8f5917a1e"},
    {file = "orjson-3.11.7-cp310-cp310-musllinux_1_2_armv7l.whl", hash = "sha256:3a2479753bbb95b0ebcf7969f562cdb9668e6d12416a35b0dda79febf89cdea2"},
    {file = "orjson-3.11.7-cp310-cp310-musllinux_1_2_i686.whl", hash = "sha256:71924496986275a737f38e3f22b4e0878882b3f7a310d2ff4dc96e812789120c"},
    {file = "orjson-3.11.7-cp310-cp310-musllinux_1_2_x86_64.whl", hash = "sha256:b4a9eefdc70bf8bf9857f0290f973dec534ac84c35cd6a7f4083be43e7170a8f"},
    {file = "orjson-3.11.7-cp310-cp310-win32.whl", hash = "sha256:ae9e0b37a834cef7ce8f99de6498f8fad4a2c0bf6bfc3d02abd8ed56aa15b2de"},
    {file = "orjson-3.11.7-cp310-cp310-win_amd64.whl", hash = "sha256:d772afdb22555f0c58cfc741bdae44180122b3616faa1ecadb595cd526e4c993"},
    {file = "orjson-3.11.7-cp311-cp311-macosx_10_15_x86_64.macosx_11_0_arm64.macosx_10_15_universal2.whl", hash = "sha256:9487abc2c2086e7c8eb9a211d2ce8855bae0e92586279d0d27b341d5ad76c85c"},
    {file = "orjson-3.11.7-cp311-cp311-macosx_15_0_arm64.whl", hash = "sha256:79cacb0b52f6004caf92405a7e1f11e6e2de8bdf9019e4f76b44ba045125cd6b"},
    {file = "orjson-3.11.7-cp311-cp311-manylinux_2_17_aarch64.manylinux2014_aarch64.whl", hash = "sha256:c2e85fe4698b6a56d5e2ebf7ae87544d668eb6bde1ad1226c13f44663f20ec9e"},
    {file = "orjson-3.11.7-cp311-cp311-manylinux_2_17_armv7l.manylinux2014_armv7l.whl", hash = "sha256:b8d14b71c0b12963fe8a62aac87119f1afdf4cb88a400f61ca5ae581449efcb5"},
    {file = "orjson-3.11.7-cp311-cp311-manylinux_2_17_i686.manylinux2014_i686.whl", hash = "sha256:91c81ef070c8f3220054115e1ef468b1c9ce8497b4e526cb9f68ab4dc0a7ac62"},
    {file = "orjson-3.11.7-cp311-cp311-manylinux_2_17_ppc64le.manylinux2014_ppc64le.whl", hash = "sha256:411ebaf34d735e25e358a6d9e7978954a9c9d58cfb47bc6683cdc3964cd2f910"},
    {file = "orjson-3.11.7-cp311-cp311-manylinux_2_17_s390x.manylinux2014_s390x.whl", hash = "sha256:a16bcd08ab0bcdfc7e8801d9c4a9cc17e58418e4d48ddc6ded4e9e4b1a94062b"},
    {file = "orjson-3.11.7-cp311-cp311-manylinux_2_17_x86_64.manylinux2014_x86_64.whl", hash = "sha256:9c0b51672e466fd7e56230ffbae7f1639e18d0ce023351fb75da21b71bc2c960"},
    {file = "orjson-3.11.7-cp311-cp311-musllinux_1_2_aarch64.whl", hash = "sha256:136dcd6a2e796dfd9ffca9fc027d778567b0b7c9968d092842d3c323cef88aa8"},
    {file = "orjson-3.11.7-cp311-cp311-musllinux_1_2_armv7l.whl", hash = "sha256:7ba61079379b0ae29e117db13bda5f28d939766e410d321ec1624afc6a0b0504"},
    {file = "orjson-3.11.7-cp311-cp311-musllinux_1_2_i686.whl", hash = "sha256:0527a4510c300e3b406591b0ba69b5dc50031895b0a93743526a3fc45f59d26e"},
    {file = "orjson-3.11.7-cp311-cp311-musllinux_1_2_x86_64.whl", hash = "sha256:a709e881723c9b18acddcfb8ba357322491ad553e277cf467e1e7e20e2d90561"},
    {file = "orjson-3.11.7-cp311-cp311-win32.whl", hash = "sha256:c43b8b5bab288b6b90dac410cca7e986a4fa747a2e8f94615aea407da706980d"},
    {file = "orjson-3.11.7-cp311-cp311-win_amd64.whl", hash = "sha256:6543001328aa857187f905308a028935864aefe9968af3848401b6fe80dbb471"},
    {file = "orjson-3.11.7-cp311-cp311-win_arm64.whl", hash = "sha256:1ee5cc7160a821dfe14f130bc8e63e7611051f964b463d9e2a3a573204446a4d"},
    {file = "orjson-3.11.7-cp312-cp312-macosx_10_15_x86_64.macosx_11_0_arm64.macosx_10_15_universal2.whl", hash = "sha256:bd03ea7606833655048dab1a00734a2875e3e86c276e1d772b2a02556f0d895f"},
    {file = "orjson-3.11.7-cp312-cp312-macosx_15_0_arm64.whl", hash = "sha256:89e440ebc74ce8ab5c7bc4ce6757b4a6b1041becb127df818f6997b5c71aa60b"},
    {file = "orjson-3.11.7-cp312-cp312-manylinux_2_17_aarch64.manylinux2014_aarch64.whl", hash = "sha256:5ede977b5fe5ac91b1dffc0a517ca4542d2ec8a6a4ff7b2652d94f640796342a"},
    {file = "orjson-3.11.7-cp312-cp312-manylinux_2_17_armv7l.manylinux2014_armv7l.whl", hash = "sha256:b7b1dae39230a393df353827c855a5f176271c23434cfd2db74e0e424e693e10"},
    {file = "orjson-3.11.7-cp312-cp312-manylinux_2_17_i686.manylinux2014_i686.whl", hash = "sha256:ed46f17096e28fb28d2975834836a639af7278aa87c84f68ab08fbe5b8bd75fa"},
    {file = "orjson-3.11.7-cp312-cp312-manylinux_2_17_ppc64le.manylinux2014_ppc64le.whl", hash = "sha256:3726be79e36e526e3d9c1aceaadbfb4a04ee80a72ab47b3f3c17fefb9812e7b8"},
    {file = "orjson-3.11.7-cp312-cp312-manylinux_2_17_s390x.manylinux2014_s390x.whl", hash = "sha256:0724e265bc548af1dedebd9cb3d24b4e1c1e685a343be43e87ba922a5c5fff2f"},
    {file = "orjson-3.11.7-cp312-cp312-manylinux_2_17_x86_64.manylinux2014_x86_64.whl", hash = "sha256:e7745312efa9e11c17fbd3cb3097262d079da26930ae9ae7ba28fb738367cbad"},
    {file = "orjson-3.11.7-cp312-cp312-musllinux_1_2_aarch64.whl", hash = "sha256:f904c24bdeabd4298f7a977ef14ca2a022ca921ed670b92ecd16ab6f3d01f867"},
    {file = "orjson-3.11.7-cp312-cp312-musllinux_1_2_armv7l.whl", hash = "sha256:b9fc4d0f81f394689e0814617aadc4f2ea0e8025f38c226cbf22d3b5ddbf025d"},
    {file = "orjson-3.11.7-cp312-cp312-musllinux_1_2_i686.whl", hash = "sha256:849e38203e5be40b776ed2718e587faf204d184fc9a008ae441f9442320c0cab"},
    {file = "orjson-3.11.7-cp312-cp312-musllinux_1_2_x86_64.whl", hash = "sha256:4682d1db3bcebd2b64757e0ddf9e87ae5f00d29d16c5cdf3a62f561d08cc3dd2"},
    {file = "orjson-3.11.7-cp312-cp312-win32.whl", hash = "sha256:f4f7c956b5215d949a1f65334cf9d7612dde38f20a95f2315deef167def91a6f"},
    {file = "orjson-3.11.7-cp312-cp312-win_amd64.whl", hash = "sha256:bf742e149121dc5648ba0a08ea0871e87b660467ef168a3a5e53bc1fbd64bb74"},
    {file = "orjson-3.11.7-cp312-cp312-win_arm64.whl", hash = "sha256:26c3b9132f783b7d7903bf1efb095fed8d4a3a85ec0d334ee8beff3d7a4749d5"},
    {file = "orjson-3.11.7-cp313-cp313-macosx_10_15_x86_64.macosx_11_0_arm64.macosx_10_15_universal2.whl", hash = "sha256:1d98b30cc1313d52d4af17d9c3d307b08389752ec5f2e5febdfada70b0f8c733"},
    {file = "orjson-3.11.7-cp313-cp313-macosx_15_0_arm64.whl", hash = "sha256:d897e81f8d0cbd2abb82226d1860ad2e1ab3ff16d7b08c96ca00df9d45409ef4"},
    {file = "orjson-3.11.7-cp313-cp313-manylinux_2_17_aarch64.manylinux2014_aarch64.whl", hash = "sha256:814be4b49b228cfc0b3c565acf642dd7d13538f966e3ccde61f4f55be3e20785"},
    {file = "orjson-3.11.7-cp313-cp313-manylinux_2_17_armv7l.manylinux2014_armv7l.whl", hash = "sha256:d06e5c5fed5caedd2e540d62e5b1c25e8c82431b9e577c33537e5fa4aa909539"},
    {file = "orjson-3.11.7-cp313-cp313-manylinux_2_17_i686.manylinux2014_i686.whl", hash = "sha256:31c80ce534ac4ea3739c5ee751270646cbc46e45aea7576a38ffec040b4029a1"},
    {file = "orjson-3.11.7-cp313-cp313-manylinux_2_17_ppc64le.manylinux2014_ppc64le.whl", hash = "sha256:f50979824bde13d32b4320eedd513431c921102796d86be3eee0b58e58a3ecd1"},
    {file = "orjson-3.11.7-cp313-cp313-manylinux_2_17_s390x.manylinux2014_s390x.whl", hash = "sha256:9e54f3808e2b6b945078c41aa8d9b5834b28c50843846e97807e5adb75fa9705"},
    {file = "orjson-3.11.7-cp313-cp313-manylinux_2_17_x86_64.manylinux2014_x86_64.whl", hash = "sha256:a12b80df61aab7b98b490fe9e4879925ba666fccdfcd175252ce4d9035865ace"},
    {file = "orjson-3.11.7-cp313-cp313-musllinux_1_2_aarch64.whl", hash = "sha256:996b65230271f1a97026fd0e6a753f51fbc0c335d2ad0c6201f711b0da32693b"},
    {file = "orjson-3.11.7-cp313-cp313-musllinux_1_2_armv7l.whl", hash = "sha256:ab49d4b2a6a1d415ddb9f37a21e02e0d5dbfe10b7870b21bf779fc21e9156157"},
    {file = "orjson-3.11.7-cp313-cp313-musllinux_1_2_i686.whl", hash = "sha256:390a1dce0c055ddf8adb6aa94a73b45a4a7d7177b5c584b8d1c1947f2ba60fb3"},
    {file = "orjson-3.11.7-cp313-cp313-musllinux_1_2_x86_64.whl", hash = "sha256:1eb80451a9c351a71dfaf5b7ccc13ad065405217726b59fdbeadbcc544f9d223"},
    {file = "orjson-3.11.7-cp313-cp313-win32.whl", hash = "sha256:7477aa6a6ec6139c5cb1cc7b214643592169a5494d200397c7fc95d740d5fcf3"},
    {file = "orjson-3.11.7-cp313-cp313-win_amd64.whl", hash = "sha256:b9f95dcdea9d4f805daa9ddf02617a89e484c6985fa03055459f90e87d7a0757"},
    {file = "orjson-3.11.7-cp313-cp313-win_arm64.whl", hash = "sha256:800988273a014a0541483dc81021247d7eacb0c845a9d1a34a422bc718f41539"},
    {file = "orjson-3.11.7-cp314-cp314-macosx_10_15_x86_64.macosx_11_0_arm64.macosx_10_15_universal2.whl", hash = "sha256:de0a37f21d0d364954ad5de1970491d7fbd0fb1ef7417d4d56a36dc01ba0c0a0"},
    {file = "orjson-3.11.7-cp314-cp314-macosx_15_0_arm64.whl", hash = "sha256:c2428d358d85e8da9d37cba18b8c4047c55222007a84f97156a5b22028dfbfc0"},
    {file = "orjson-3.11.7-cp314-cp314-manylinux_2_17_aarch64.manylinux2014_aarch64.whl", hash = "sha256:3c4bc6c6ac52cdaa267552544c73e486fecbd710b7ac09bc024d5a78555a22f6"},
    {file = "orjson-3.11.7-cp314-cp314-manylinux_2_17_armv7l.manylinux2014_armv7l.whl", hash = "sha256:bd0d68edd7dfca1b2eca9361a44ac9f24b078de3481003159929a0573f21a6bf"},
    {file = "orjson-3.11.7-cp314-cp314-manylinux_2_17_i686.manylinux2014_i686.whl", hash = "sha256:623ad1b9548ef63886319c16fa317848e465a21513b31a6ad7b57443c3e0dcf5"},
    {file = "orjson-3.11.7-cp314-cp314-manylinux_2_17_ppc64le.manylinux2014_ppc64le.whl", hash = "sha256:6e776b998ac37c0396093d10290e60283f59cfe0fc3fccbd0ccc4bd04dd19892"},
    {file = "orjson-3.11.7-cp314-cp314-manylinux_2_17_s390x.manylinux2014_s390x.whl", hash = "sha256:652c6c3af76716f4a9c290371ba2e390ede06f6603edb277b481daf37f6f464e"},
    {file = "orjson-3.11.7-cp314-cp314-manylinux_2_17_x86_64.manylinux2014_x86_64.whl", hash = "sha256:a56df3239294ea5964adf074c54bcc4f0ccd21636049a2cf3ca9cf03b5d03cf1"},
    {file = "orjson-3.11.7-cp314-cp314-musllinux_1_2_aarch64.whl", hash = "sha256:bda117c4148e81f746655d5a3239ae9bd00cb7bc3ca178b5fc5a5997e9744183"},
    {file = "orjson-3.11.7-cp314-cp314-musllinux_1_2_armv7l.whl", hash = "sha256:23d6c20517a97a9daf1d48b580fcdc6f0516c6f4b5038823426033690b4d2650"},
    {file = "orjson-3.11.7-cp314-cp314-musllinux_1_2_i686.whl", hash = "sha256:8ff206156006da5b847c9304b6308a01e8cdbc8cce824e2779a5ba71c3def141"},
    {file = "orjson-3.11.7-cp314-cp314-musllinux_1_2_x86_64.whl", hash = "sha256:962d046ee1765f74a1da723f4b33e3b228fe3a48bd307acce5021dfefe0e29b2"},
    {file = "orjson-3.11.7-cp314-cp314-win32.whl", hash = "sha256:89e13dd3f89f1c38a9c9eba5fbf7cdc2d1feca82f5f290864b4b7a6aac704576"},
    {file = "orjson-3.11.7-cp314-cp314-win_amd64.whl", hash = "sha256:845c3e0d8ded9c9271cd79596b9b552448b885b97110f628fb687aee2eed11c1"},
    {file = "orjson-3.11.7-cp314-cp314-win_arm64.whl", hash = "sha256:4a2e9c5be347b937a2e0203866f12bba36082e89b402ddb9e927d5822e43088d"},
    {file = "orjson-3.11.7.tar.gz", hash = "sha256:9b1a67243945819ce55d24a30b59d6a168e86220452d2c96f4d1f093e71c0c49"},
]

[[package]]
name = "pydantic"
version = "2.12.5"
description = "Data validation using Python type hints"
optional = false
python-versions = ">=3.9"
groups = ["main"]
files = [
    {file = "pydantic-2.12.5-py3-none-any.whl", hash = "sha256:e561593fccf61e8a20fc46dfc2dfe075b8be7d0188df33f221ad1f0139180f9d"},
    {file = "pydantic-2.12.5.tar.gz", hash = "sha256:4d351024c75c0f085a9febbb665ce8c0c6ec5d30e903bdb6394b7ede26aebb49"},
]

[package.dependencies]
annotated-types = ">=0.6.0"
pydantic-core = "2.41.5"
typing-extensions = ">=4.14.1"
typing-inspection = ">=0.4.2"

[package.extras]
email = ["email-validator (>=2.0.0)"]
timezone = ["tzdata"]

[[package]]
name = "pydantic-core"
version = "2.41.5"
description = "Core functionality for Pydantic validation and serialization"
optional = false
python-versions = ">=3.9"
groups = ["main"]
files = [
    {file = "pydantic_core-2.41.5-cp310-cp310-macosx_10_12_x86_64.whl", hash = "sha256:77b63866ca88d804225eaa4af3e664c5faf3568cea95360d21f4725ab6e07146"},
    {file = "pydantic_core-2.41.5-cp310-cp310-macosx_11_0_arm64.whl", hash = "sha256:dfa8a0c812ac681395907e71e1274819dec685fec28273a28905df579ef137e2"},
    {file = "pydantic_core-2.41.5-cp310-cp310-manylinux_2_17_aarch64.manylinux2014_aarch64.whl", hash = "sha256:5921a4d3ca3aee735d9fd163808f5e8dd6c6972101e4adbda9a4667908849b97"},
    {file = "pydantic_core-2.41.5-cp310-cp310-manylinux_2_17_armv7l.manylinux2014_armv7l.whl", hash = "sha256:e25c479382d26a2a41b7ebea1043564a937db462816ea07afa8a44c0866d52f9"},
    {file = "pydantic_core-2.41.5-cp310-cp310-manylinux_2_17_ppc64le.manylinux2014_ppc64le.whl", hash = "sha256:f547144f2966e1e16ae626d8ce72b4cfa0caedc7fa28052001c94fb2fcaa1c52"},
    {file = "pydantic_core-2.41.5-cp310-cp310-manylinux_2_17_s390x.manylinux2014_s390x.whl", hash = "sha256:6f52298fbd394f9ed112d56f3d11aabd0d5bd27beb3084cc3d8ad069483b8941"},
    {file = "pydantic_core-2.41.5-cp310-cp310-manylinux_2_17_x86_64.manylinux2014_x86_64.whl", hash = "sha256:100baa204bb412b74fe285fb0f3a385256dad1d1879f0a5cb1499ed2e83d132a"},
    {file = "pydantic_core-2.41.5-cp310-cp310-manylinux_2_5_i686.manylinux1_i686.whl", hash = "sha256:05a2c8852530ad2812cb7914dc61a1125dc4e06252ee98e5638a12da6cc6fb6c"},
    {file = "pydantic_core-2.41.5-cp310-cp310-musllinux_1_1_aarch64.whl", hash = "sha256:29452c56df2ed968d18d7e21f4ab0ac55e71dc59524872f6fc57dcf4a3249ed2"},
    {file = "pydantic_core-2.41.5-cp310-cp310-musllinux_1_1_armv7l.whl", hash = "sha256:d5160812ea7a8a2ffbe233d8da666880cad0cbaf5d4de74ae15c313213d62556"},
    {file = "pydantic_core-2.41.5-cp310-cp310-musllinux_1_1_x86_64.whl", hash = "sha256:df3959765b553b9440adfd3c795617c352154e497a4eaf3752555cfb5da8fc49"},
    {file = "pydantic_core-2.41.5-cp310-cp310-win32.whl", hash = "sha256:1f8d33a7f4d5a7889e60dc39856d76d09333d8a6ed0f5f1190635cbec70ec4ba"},
    {file = "pydantic_core-2.41.5-cp310-cp310-win_amd64.whl", hash = "sha256:62de39db01b8d593e45871af2af9e497295db8d73b085f6bfd0b18c83c70a8f9"},
    {file = "pydantic_core-2.41.5-cp311-cp311-macosx_10_12_x86_64.whl", hash = "sha256:a3a52f6156e73e7ccb0f8cced536adccb7042be67cb45f9562e12b319c119da6"},
    {file = "pydantic_core-2.41.5-cp311-cp311-macosx_11_0_arm64.whl", hash = "sha256:7f3bf998340c6d4b0c9a2f02d6a400e51f123b59565d74dc60d252ce888c260b"},
    {file = "pydantic_core-2.41.5-cp311-cp311-manylinux_2_17_aarch64.manylinux2014_aarch64.whl", hash = "sha256:378bec5c66998815d224c9ca994f1e14c0c21cb95d2f52b6021cc0b2a58f2a5a"},
    {file = "pydantic_core-2.41.5-cp311-cp311-manylinux_2_17_armv7l.manylinux2014_armv7l.whl", hash = "sha256:e7b576130c69225432866fe2f4a469a85a54ade141d96fd396dffcf607b558f8"},
    {file = "pydantic_core-2.41.5-cp311-cp311-manylinux_2_17_ppc64le.manylinux2014_ppc64le.whl", hash = "sha256:6cb58b9c66f7e4179a2d5e0f849c48eff5c1fca560994d6eb6543abf955a149e"},
    {file = "pydantic_core-2.41.5-cp311-cp311-manylinux_2_17_s390x.manylinux2014_s390x.whl", hash = "sha256:88942d3a3dff3afc8288c21e565e476fc278902ae4d6d134f1eeda118cc830b1"},
    {file = "pydantic_core-2.41.5-cp311-cp311-manylinux_2_17_x86_64.manylinux2014_x86_64.whl", hash = "sha256:f31d95a179f8d64d90f6831d71fa93290893a33148d890ba15de25642c5d075b"},
    {file = "pydantic_core-2.41.5-cp311-cp311-manylinux_2_5_i686.manylinux1_i686.whl", hash = "sha256:c1df3d34aced70add6f867a8cf413e299177e0c22660cc767218373d0779487b"},
    {file = "pydantic_core-2.41.5-cp311-cp311-musllinux_1_1_aarch64.whl", hash = "sha256:4009935984bd36bd2c774e13f9a09563ce8de4abaa7226f5108262fa3e637284"},
    {file = "pydantic_core-2.41.5-cp311-cp311-musllinux_1_1_armv7l.whl", hash = "sha256:34a64bc3441dc1213096a20fe27e8e128bd3ff89921706e83c0b1ac971276594"},
    {file = "pydantic_core-2.41.5-cp311-cp311-musllinux_1_1_x86_64.whl", hash = "sha256:c9e19dd6e28fdcaa5a1de679aec4141f691023916427ef9bae8584f9c2fb3b0e"},
    {file = "pydantic_core-2.41.5-cp311-cp311-win32.whl", hash = "sha256:2c010c6ded393148374c0f6f0bf89d206bf3217f201faa0635dcd56bd1520f6b"},
    {file = "pydantic_core-2.41.5-cp311-cp311-win_amd64.whl", hash = "sha256:76ee27c6e9c7f16f47db7a94157112a2f3a00e958bc626e2f4ee8bec5c328fbe"},
    {file = "pydantic_core-2.41.5-cp311-cp311-win_arm64.whl", hash = "sha256:4bc36bbc0b7584de96561184ad7f012478987882ebf9f9c389b23f432ea3d90f"},
    {file = "pydantic_core-2.41.5-cp312-cp312-macosx_10_12_x86_64.whl", hash = "sha256:f41a7489d32336dbf2199c8c0a215390a751c5b014c2c1c5366e817202e9cdf7"},
    {file = "pydantic_core-2.41.5-cp312-cp312-macosx_11_0_arm64.whl", hash = "sha256:070259a8818988b9a84a449a2a7337c7f430a22acc0859c6b110aa7212a6d9c0"},
    {file = "pydantic_core-2.41.5-cp312-cp312-manylinux_2_17_aarch64.manylinux2014_aarch64.whl", hash = "sha256:e96cea19e34778f8d59fe40775a7a574d95816eb150850a85a7a4c8f4b94ac69"},
    {file = "pydantic_core-2.41.5-cp312-cp312-manylinux_2_17_armv7l.manylinux2014_armv7l.whl", hash = "sha256:ed2e99c456e3fadd05c991f8f437ef902e00eedf34320ba2b0842bd1c3ca3a75"},
    {file = "pydantic_core-2.41.5-cp312-cp312-manylinux_2_17_ppc64le.manylinux2014_ppc64le.whl", hash = "sha256:65840751b72fbfd82c3c640cff9284545342a4f1eb1586ad0636955b261b0b05"},
    {file = "pydantic_core-2.41.5-cp312-cp312-manylinux_2_17_s390x.manylinux2014_s390x.whl", hash = "sha256:e536c98a7626a98feb2d3eaf75944ef6f3dbee447e1f841eae16f2f0a72d8ddc"},
    {file = "pydantic_core-2.41.5-cp312-cp312-manylinux_2_17_x86_64.manylinux2014_x86_64.whl", hash = "sha256:eceb81a8d74f9267ef4081e246ffd6d129da5d87e37a77c9bde550cb04870c1c"},
    {file = "pydantic_core-2.41.5-cp312-cp312-manylinux_2_5_i686.manylinux1_i686.whl", hash = "sha256:d38548150c39b74aeeb0ce8ee1d8e82696f4a4e16ddc6de7b1d8823f7de4b9b5"},
    {file = "pydantic_core-2.41.5-cp312-cp312-musllinux_1_1_aarch64.whl", hash = "sha256:c23e27686783f60290e36827f9c626e63154b82b116d7fe9adba1fda36da706c"},
    {file = "pydantic_core-2.41.5-cp312-cp312-musllinux_1_1_armv7l.whl", hash = "sha256:482c982f814460eabe1d3bb0adfdc583387bd4691ef00b90575ca0d2b6fe2294"},
    {file = "pydantic_core-2.41.5-cp312-cp312-musllinux_1_1_x86_64.whl", hash = "sha256:bfea2a5f0b4d8d43adf9d7b8bf019fb46fdd10a2e5cde477fbcb9d1fa08c68e1"},
    {file = "pydantic_core-2.41.5-cp312-cp312-win32.whl", hash = "sha256:b74557b16e390ec12dca509bce9264c3bbd128f8a2c376eaa68003d7f327276d"},
    {file = "pydantic_core-2.41.5-cp312-cp312-win_amd64.whl", hash = "sha256:1962293292865bca8e54702b08a4f26da73adc83dd1fcf26fbc875b35d81c815"},
    {file = "pydantic_core-2.41.5-cp312-cp312-win_arm64.whl", hash = "sha256:1746d4a3d9a794cacae06a5eaaccb4b8643a131d45fbc9af23e353dc0a5ba5c3"},
    {file = "pydantic_core-2.41.5-cp313-cp313-macosx_10_12_x86_64.whl", hash = "sha256:941103c9be18ac8daf7b7adca8228f8ed6bb7a1849020f643b3a14d15b1924d9"},
    {file = "pydantic_core-2.41.5-cp313-cp313-macosx_11_0_arm64.whl", hash = "sha256:112e305c3314f40c93998e567879e887a3160bb8689ef3d2c04b6cc62c33ac34"},
    {file = "pydantic_core-2.41.5-cp313-cp313-manylinux_2_17_aarch64.manylinux2014_aarch64.whl", hash = "sha256:0cbaad15cb0c90aa221d43c00e77bb33c93e8d36e0bf74760cd00e732d10a6a0"},
    {file = "pydantic_core-2.41.5-cp313-cp313-manylinux_2_17_armv7l.manylinux2014_armv7l.whl", hash = "sha256:03ca43e12fab6023fc79d28ca6b39b05f794ad08ec2feccc59a339b02f2b3d33"},
    {file = "pydantic_core-2.41.5-cp313-cp313-manylinux_2_17_ppc64le.manylinux2014_ppc64le.whl", hash = "sha256:dc799088c08fa04e43144b164feb0c13f9a0bc40503f8df3e9fde58a3c0c101e"},
    {file = "pydantic_core-2.41.5-cp313-cp313-manylinux_2_17_s390x.manylinux2014_s390x.whl", hash = "sha256:97aeba56665b4c3235a0e52b2c2f5ae9cd071b8a8310ad27bddb3f7fb30e9aa2"},
    {file = "pydantic_core-2.41.5-cp313-cp313-manylinux_2_17_x86_64.manylinux2014_x86_64.whl", hash = "sha256:406bf18d345822d6c21366031003612b9c77b3e29ffdb0f612367352aab7d586"},
    {file = "pydantic_core-2.41.5-cp313-cp313-manylinux_2_5_i686.manylinux1_i686.whl", hash = "sha256:b93590ae81f7010dbe380cdeab6f515902ebcbefe0b9327cc4804d74e93ae69d"},
    {file = "pydantic_core-2.41.5-cp313-cp313-musllinux_1_1_aarch64.whl", hash = "sha256:01a3d0ab748ee531f4ea6c3e48ad9dac84ddba4b0d82291f87248f2f9de8d740"},
    {file = "pydantic_core-2.41.5-cp313-cp313-musllinux_1_1_armv7l.whl", hash = "sha256:6561e94ba9dacc9c61bce40e2d6bdc3bfaa0259d3ff36ace3b1e6901936d2e3e"},
    {file = "pydantic_core-2.41.5-cp313-cp313-musllinux_1_1_x86_64.whl", hash = "sha256:915c3d10f81bec3a74fbd4faebe8391013ba61e5a1a8d48c4455b923bdda7858"},
    {file = "pydantic_core-2.41.5-cp313-cp313-win32.whl", hash = "sha256:650ae77860b45cfa6e2cdafc42618ceafab3a2d9a3811fcfbd3bbf8ac3c40d36"},
    {file = "pydantic_core-2.41.5-cp313-cp313-win_amd64.whl", hash = "sha256:79ec52ec461e99e13791ec6508c722742ad745571f234ea6255bed38c6480f11"},
    {file = "pydantic_core-2.41.5-cp313-cp313-win_arm64.whl", hash = "sha256:3f84d5c1b4ab906093bdc1ff10484838aca54ef08de4afa9de0f5f14d69639cd"},
    {file = "pydantic_core-2.41.5-cp314-cp314-macosx_10_12_x86_64.whl", hash = "sha256:3f37a19d7ebcdd20b96485056ba9e8b304e27d9904d233d7b1015db320e51f0a"},
    {file = "pydantic_core-2.41.5-cp314-cp314-macosx_11_0_arm64.whl", hash = "sha256:1d1d9764366c73f996edd17abb6d9d7649a7eb690006ab6adbda117717099b14"},
    {file = "pydantic_core-2.41.5-cp314-cp314-manylinux_2_17_aarch64.manylinux2014_aarch64.whl", hash = "sha256:25e1c2af0fce638d5f1988b686f3b3ea8cd7de5f244ca147c777769e798a9cd1"},
    {file = "pydantic_core-2.41.5-cp314-cp314-manylinux_2_17_armv7l.manylinux2014_armv7l.whl", hash = "sha256:506d766a8727beef16b7adaeb8ee6217c64fc813646b424d0804d67c16eddb66"},
    {file = "pydantic_core-2.41.5-cp314-cp314-manylinux_2_17_ppc64le.manylinux2014_ppc64le.whl", hash = "sha256:4819fa52133c9aa3c387b3328f25c1facc356491e6135b459f1de698ff64d869"},
    {file = "pydantic_core-2.41.5-cp314-cp314-manylinux_2_17_s390x.manylinux2014_s390x.whl", hash = "sha256:2b761d210c9ea91feda40d25b4efe82a1707da2ef62901466a42492c028553a2"},
    {file = "pydantic_core-2.41.5-cp314-cp314-manylinux_2_17_x86_64.manylinux2014_x86_64.whl", hash = "sha256:22f0fb8c1c583a3b6f24df2470833b40207e907b90c928cc8d3594b76f874375"},
    {file = "pydantic_core-2.41.5-cp314-cp314-manylinux_2_5_i686.manylinux1_i686.whl", hash = "sha256:2782c870e99878c634505236d81e5443092fba820f0373997ff75f90f68cd553"},
    {file = "pydantic_core-2.41.5-cp314-cp314-musllinux_1_1_aarch64.whl", hash = "sha256:0177272f88ab8312479336e1d777f6b124537d47f2123f89cb37e0accea97f90"},
    {file = "pydantic_core-2.41.5-cp314-cp314-musllinux_1_1_armv7l.whl", hash = "sha256:63510af5e38f8955b8ee5687740d6ebf7c2a0886d15a6d65c32814613681bc07"},
    {file = "pydantic_core-2.41.5-cp314-cp314-musllinux_1_1_x86_64.whl", hash = "sha256:e56ba91f47764cc14f1daacd723e3e82d1a89d783f0f5afe9c364b8bb491ccdb"},
    {file = "pydantic_core-2.41.5-cp314-cp314-win32.whl", hash = "sha256:aec5cf2fd867b4ff45b9959f8b20ea3993fc93e63c7363fe6851424c8a7e7c23"},
    {file = "pydantic_core-2.41.5-cp314-cp314-win_amd64.whl", hash = "sha256:8e7c86f27c585ef37c35e56a96363ab8de4e549a95512445b85c96d3e2f7c1bf"},
    {file = "pydantic_core-2.41.5-cp314-cp314-win_arm64.whl", hash = "sha256:e672ba74fbc2dc8eea59fb6d4aed6845e6905fc2a8afe93175d94a83ba2a01a0"},
    {file = "pydantic_core-2.41.5-cp314-cp314t-macosx_10_12_x86_64.whl", hash = "sha256:8566def80554c3faa0e65ac30ab0932b9e3a5cd7f8323764303d468e5c37595a"},
    {file = "pydantic_core-2.41.5-cp314-cp314t-macosx_11_0_arm64.whl", hash = "sha256:b80aa5095cd3109962a298ce14110ae16b8c1aece8b72f9dafe81cf597ad80b3"},
    {file = "pydantic_core-2.41.5-cp314-cp314t-manylinux_2_17_aarch64.manylinux2014_aarch64.whl", hash = "sha256:3006c3dd9ba34b0c094c544c6006cc79e87d8612999f1a5d43b769b89181f23c"},
    {file = "pydantic_core-2.41.5-cp314-cp314t-manylinux_2_17_armv7l.manylinux2014_armv7l.whl", hash = "sha256:72f6c8b11857a856bcfa48c86f5368439f74453563f951e473514579d44aa612"},
    {file = "pydantic_core-2.41.5-cp314-cp314t-manylinux_2_17_ppc64le.manylinux2014_ppc64le.whl", hash = "sha256:5cb1b2f9742240e4bb26b652a5aeb840aa4b417c7748b6f8387927bc6e45e40d"},
    {file = "pydantic_core-2.41.5-cp314-cp314t-manylinux_2_17_s390x.manylinux2014_s390x.whl", hash = "sha256:bd3d54f38609ff308209bd43acea66061494157703364ae40c951f83ba99a1a9"},
    {file = "pydantic_core-2.41.5-cp314-cp314t-manylinux_2_17_x86_64.manylinux2014_x86_64.whl", hash = "sha256:2ff4321e56e879ee8d2a879501c8e469414d948f4aba74a2d4593184eb326660"},
    {file = "pydantic_core-2.41.5-cp314-cp314t-manylinux_2_5_i686.manylinux1_i686.whl", hash = "sha256:d0d2568a8c11bf8225044aa94409e21da0cb09dcdafe9ecd10250b2baad531a9"},
    {file = "pydantic_core-2.41.5-cp314-cp314t-musllinux_1_1_aarch64.whl", hash = "sha256:a39455728aabd58ceabb03c90e12f71fd30fa69615760a075b9fec596456ccc3"},
    {file = "pydantic_core-2.41.5-cp314-cp314t-musllinux_1_1_armv7l.whl", hash = "sha256:239edca560d05757817c13dc17c50766136d21f7cd0fac50295499ae24f90fdf"},
    {file = "pydantic_core-2.41.5-cp314-cp314t-musllinux_1_1_x86_64.whl", hash = "sha256:2a5e06546e19f24c6a96a129142a75cee553cc018ffee48a460059b1185f4470"},
    {file = "pydantic_core-2.41.5-cp314-cp314t-win32.whl", hash = "sha256:b4ececa40ac28afa90871c2cc2b9ffd2ff0bf749380fbdf57d165fd23da353aa"},
    {file = "pydantic_core-2.41.5-cp314-cp314t-win_amd64.whl", hash = "sha256:80aa89cad80b32a912a65332f64a4450ed00966111b6615ca6816153d3585a8c"},
    {file = "pydantic_core-2.41.5-cp314-cp314t-win_arm64.whl", hash = "sha256:35b44f37a3199f771c3eaa53051bc8a70cd7b54f333531c59e29fd4db5d15008"},
    {file = "pydantic_core-2.41.5-cp39-cp39-macosx_10_12_x86_64.whl", hash = "sha256:8bfeaf8735be79f225f3fefab7f941c712aaca36f1128c9d7e2352ee1aa87bdf"},
    {file = "pydantic_core-2.41.5-cp39-cp39-macosx_11_0_arm64.whl", hash = "sha256:346285d28e4c8017da95144c7f3acd42740d637ff41946af5ce6e5e420502dd5"},
    {file = "pydantic_core-2.41.5-cp39-cp39-manylinux_2_17_aarch64.manylinux2014_aarch64.whl", hash = "sha256:a75dafbf87d6276ddc5b2bf6fae5254e3d0876b626eb24969a574fff9149ee5d"},
    {file = "pydantic_core-2.41.5-cp39-cp39-manylinux_2_17_armv7l.manylinux2014_armv7l.whl", hash = "sha256:7b93a4d08587e2b7e7882de461e82b6ed76d9026ce91ca7915e740ecc7855f60"},
    {file = "pydantic_core-2.41.5-cp39-cp39-manylinux_2_17_ppc64le.manylinux2014_ppc64le.whl", hash = "sha256:e8465ab91a4bd96d36dde3263f06caa6a8a6019e4113f24dc753d79a8b3a3f82"},
    {file = "pydantic_core-2.41.5-cp39-cp39-manylinux_2_17_s390x.manylinux2014_s390x.whl", hash = "sha256:299e0a22e7ae2b85c1a57f104538b2656e8ab1873511fd718a1c1c6f149b77b5"},
    {file = "pydantic_core-2.41.5-cp39-cp39-manylinux_2_17_x86_64.manylinux2014_x86_64.whl", hash = "sha256:707625ef0983fcfb461acfaf14de2067c5942c6bb0f3b4c99158bed6fedd3cf3"},
    {file = "pydantic_core-2.41.5-cp39-cp39-manylinux_2_5_i686.manylinux1_i686.whl", hash = "sha256:f41eb9797986d6ebac5e8edff36d5cef9de40def462311b3eb3eeded1431e425"},
    {file = "pydantic_core-2.41.5-cp39-cp39-musllinux_1_1_aarch64.whl", hash = "sha256:0384e2e1021894b1ff5a786dbf94771e2986ebe2869533874d7e43bc79c6f504"},
    {file = "pydantic_core-2.41.5-cp39-cp39-musllinux_1_1_armv7l.whl", hash = "sha256:f0cd744688278965817fd0839c4a4116add48d23890d468bc436f78beb28abf5"},
    {file = "pydantic_core-2.41.5-cp39-cp39-musllinux_1_1_x86_64.whl", hash = "sha256:753e230374206729bf0a807954bcc6c150d3743928a73faffee51ac6557a03c3"},
    {file = "pydantic_core-2.41.5-cp39-cp39-win32.whl", hash = "sha256:873e0d5b4fb9b89ef7c2d2a963ea7d02879d9da0da8d9d4933dee8ee86a8b460"},
    {file = "pydantic_core-2.41.5-cp39-cp39-win_amd64.whl", hash = "sha256:e4f4a984405e91527a0d62649ee21138f8e3d0ef103be488c1dc11a80d7f184b"},
    {file = "pydantic_core-2.41.5-graalpy311-graalpy242_311_native-macosx_10_12_x86_64.whl", hash = "sha256:b96d5f26b05d03cc60f11a7761a5ded1741da411e7fe0909e27a5e6a0cb7b034"},
    {file = "pydantic_core-2.41.5-graalpy311-graalpy242_311_native-macosx_11_0_arm64.whl", hash = "sha256:634e8609e89ceecea15e2d61bc9ac3718caaaa71963717bf3c8f38bfde64242c"},
    {file = "pydantic_core-2.41.5-graalpy311-graalpy242_311_native-manylinux_2_17_aarch64.manylinux2014_aarch64.whl", hash = "sha256:93e8740d7503eb008aa2df04d3b9735f845d43ae845e6dcd2be0b55a2da43cd2"},
    {file = "pydantic_core-2.41.5-graalpy311-graalpy242_311_native-manylinux_2_17_x86_64.manylinux2014_x86_64.whl", hash = "sha256:f15489ba13d61f670dcc96772e733aad1a6f9c429cc27574c6cdaed82d0146ad"},
    {file = "pydantic_core-2.41.5-graalpy312-graalpy250_312_native-macosx_10_12_x86_64.whl", hash = "sha256:7da7087d756b19037bc2c06edc6c170eeef3c3bafcb8f532ff17d64dc427adfd"},
    {file = "pydantic_core-2.41.5-graalpy312-graalpy250_312_native-macosx_11_0_arm64.whl", hash = "sha256:aabf5777b5c8ca26f7824cb4a120a740c9588ed58df9b2d196ce92fba42ff8dc"},
    {file = "pydantic_core-2.41.5-graalpy312-graalpy250_312_native-manylinux_2_17_aarch64.manylinux2014_aarch64.whl", hash = "sha256:c007fe8a43d43b3969e8469004e9845944f1a80e6acd47c150856bb87f230c56"},
    {file = "pydantic_core-2.41.5-graalpy312-graalpy250_312_native-manylinux_2_17_x86_64.manylinux2014_x86_64.whl", hash = "sha256:76d0819de158cd855d1cbb8fcafdf6f5cf1eb8e470abe056d5d161106e38062b"},
    {file = "pydantic_core-2.41.5-pp310-pypy310_pp73-macosx_10_12_x86_64.whl", hash = "sha256:b5819cd790dbf0c5eb9f82c73c16b39a65dd6dd4d1439dcdea7816ec9adddab8"},
    {file = "pydantic_core-2.41.5-pp310-pypy310_pp73-macosx_11_0_arm64.whl", hash = "sha256:5a4e67afbc95fa5c34cf27d9089bca7fcab4e51e57278d710320a70b956d1b9a"},
    {file = "pydantic_core-2.41.5-pp310-pypy310_pp73-manylinux_2_17_x86_64.manylinux2014_x86_64.whl", hash = "sha256:ece5c59f0ce7d001e017643d8d24da587ea1f74f6993467d85ae8a5ef9d4f42b"},
    {file = "pydantic_core-2.41.5-pp310-pypy310_pp73-manylinux_2_5_i686.manylinux1_i686.whl", hash = "sha256:16f80f7abe3351f8ea6858914ddc8c77e02578544a0ebc15b4c2e1a0e813b0b2"},
    {file = "pydantic_core-2.41.5-pp310-pypy310_pp73-musllinux_1_1_aarch64.whl", hash = "sha256:33cb885e759a705b426baada1fe68cbb0a2e68e34c5d0d0289a364cf01709093"},
    {file = "pydantic_core-2.41.5-pp310-pypy310_pp73-musllinux_1_1_armv7l.whl", hash = "sha256:c8d8b4eb992936023be7dee581270af5c6e0697a8559895f527f5b7105ecd36a"},
    {file = "pydantic_core-2.41.5-pp310-pypy310_pp73-musllinux_1_1_x86_64.whl", hash = "sha256:242a206cd0318f95cd21bdacff3fcc3aab23e79bba5cac3db5a841c9ef9c6963"},
    {file = "pydantic_core-2.41.5-pp310-pypy310_pp73-win_amd64.whl", hash = "sha256:d3a978c4f57a597908b7e697229d996d77a6d3c94901e9edee593adada95ce1a"},
    {file = "pydantic_core-2.41.5-pp311-pypy311_pp73-macosx_10_12_x86_64.whl", hash = "sha256:b2379fa7ed44ddecb5bfe4e48577d752db9fc10be00a6b7446e9663ba143de26"},
    {file = "pydantic_core-2.41.5-pp311-pypy311_pp73-macosx_11_0_arm64.whl", hash = "sha256:266fb4cbf5e3cbd0b53669a6d1b039c45e3ce651fd5442eff4d07c2cc8d66808"},
    {file = "pydantic_core-2.41.5-pp311-pypy311_pp73-manylinux_2_17_x86_64.manylinux2014_x86_64.whl", hash = "sha256:58133647260ea01e4d0500089a8c4f07bd7aa6ce109682b1426394988d8aaacc"},
    {file = "pydantic_core-2.41.5-pp311-pypy311_pp73-manylinux_2_5_i686.manylinux1_i686.whl", hash = "sha256:287dad91cfb551c363dc62899a80e9e14da1f0e2b6ebde82c806612ca2a13ef1"},
    {file = "pydantic_core-2.41.5-pp311-pypy311_pp73-musllinux_1_1_aarch64.whl", hash = "sha256:03b77d184b9eb40240ae9fd676ca364ce1085f203e1b1256f8ab9984dca80a84"},
    {file = "pydantic_core-2.41.5-pp311-pypy311_pp73-musllinux_1_1_armv7l.whl", hash = "sha256:a668ce24de96165bb239160b3d854943128f4334822900534f2fe947930e5770"},
    {file = "pydantic_core-2.41.5-pp311-pypy311_pp73-musllinux_1_1_x86_64.whl", hash = "sha256:f14f8f046c14563f8eb3f45f499cc658ab8d10072961e07225e507adb700e93f"},
    {file = "pydantic_core-2.41.5-pp311-pypy311_pp73-win_amd64.whl", hash = "sha256:56121965f7a4dc965bff783d70b907ddf3d57f6eba29b6d2e5dabfaf07799c51"},
    {file = "pydantic_core-2.41.5.tar.gz", hash = "sha256:08daa51ea16ad373ffd5e7606252cc32f07bc72b28284b6bc9c6df804816476e"},
]

[package.dependencies]
typing-extensions = ">=4.14.1"

[[package]]
name = "sqlparse"
version = "0.5.5"
description = "A non-validating SQL parser."
optional = false
python-versions = ">=3.8"
groups = ["main"]
files = [
    {file = "sqlparse-0.5.5-py3-none-any.whl", hash = "sha256:12a08b3bf3eec877c519589833aed092e2444e68240a3577e8e26148acc7b1ba"},
    {file = "sqlparse-0.5.5.tar.gz", hash = "sha256:e20d4a9b0b8585fdf63b10d30066c7c94c5d7a7ec47c889a2d83a3caa93ff28e"},
]

[package.extras]
dev = ["build"]
doc = ["sphinx"]

[[package]]
name = "types-pyyaml"
version = "6.0.12.20250915"
description = "Typing stubs for PyYAML"
optional = false
python-versions = ">=3.9"
groups = ["main"]
files = [
    {file = "types_pyyaml-6.0.12.20250915-py3-none-any.whl", hash = "sha256:e7d4d9e064e89a3b3cae120b4990cd370874d2bf12fa5f46c97018dd5d3c9ab6"},
    {file = "types_pyyaml-6.0.12.20250915.tar.gz", hash = "sha256:0f8b54a528c303f0e6f7165687dd33fafa81c807fcac23f632b63aa624ced1d3"},
]

[[package]]
name = "typing-extensions"
version = "4.15.0"
description = "Backported and Experimental Type Hints for Python 3.9+"
optional = false
python-versions = ">=3.9"
groups = ["main"]
files = [
    {file = "typing_extensions-4.15.0-py3-none-any.whl", hash = "sha256:f0fa19c6845758ab08074a0cfa8b7aecb71c999ca73d62883bc25cc018c4e548"},
    {file = "typing_extensions-4.15.0.tar.gz", hash = "sha256:0cea48d173cc12fa28ecabc3b837ea3cf6f38c6d1136f85cbaaf598984861466"},
]

[[package]]
name = "typing-inspection"
version = "0.4.2"
description = "Runtime typing introspection tools"
optional = false
python-versions = ">=3.9"
groups = ["main"]
files = [
    {file = "typing_inspection-0.4.2-py3-none-any.whl", hash = "sha256:4ed1cacbdc298c220f1bd249ed5287caa16f34d44ef4e9c3d0cbad5b521545e7"},
    {file = "typing_inspection-0.4.2.tar.gz", hash = "sha256:ba561c48a67c5958007083d386c3295464928b01faa735ab8547c5692e87f464"},
]

[package.dependencies]
typing-extensions = ">=4.12.0"

[[package]]
name = "tzdata"
version = "2025.3"
description = "Provider of IANA time zone data"
optional = false
python-versions = ">=2"
groups = ["main"]
markers = "sys_platform == \"win32\""
files = [
    {file = "tzdata-2025.3-py2.py3-none-any.whl", hash = "sha256:06a47e5700f3081aab02b2e513160914ff0694bce9947d6b76ebd6bf57cfc5d1"},
    {file = "tzdata-2025.3.tar.gz", hash = "sha256:de39c2ca5dc7b0344f2eba86f49d614019d29f060fc4ebc8a417896a620b56a7"},
]

[metadata]
lock-version = "2.1"
python-versions = "^3.12"
content-hash = "134c5bcfd0e653ff899b3fd2d999fd50021367ec61758d9d4ff434a651b251c0"
